
Microsoft Visual Studio Solution File, Format Version 11.00
# Visual Studio 2010
Project("{FAE04EC0-301F-11D3-BF4B-00C04F79EFBC}") = "PRIVideoGames", "Assembly-CSharp.csproj", "{87B6F6C5-C7F7-8E59-45DE-37619F2EE177}"
EndProject
Project("{FAE04EC0-301F-11D3-BF4B-00C04F79EFBC}") = "PRIVideoGames", "Assembly-CSharp-Editor.csproj", "{424610AF-0325-BBC9-F323-BD3F14DACE8F}"
EndProject
Global
	GlobalSection(SolutionConfigurationPlatforms) = preSolution
		Debug|Any CPU = Debug|Any CPU
		Release|Any CPU = Release|Any CPU
	EndGlobalSection
	GlobalSection(ProjectConfigurationPlatforms) = postSolution
		{87B6F6C5-C7F7-8E59-45DE-37619F2EE177}.Debug|Any CPU.ActiveCfg = Debug|Any CPU
		{87B6F6C5-C7F7-8E59-45DE-37619F2EE177}.Debug|Any CPU.Build.0 = Debug|Any CPU
		{87B6F6C5-C7F7-8E59-45DE-37619F2EE177}.Release|Any CPU.ActiveCfg = Release|Any CPU
		{87B6F6C5-C7F7-8E59-45DE-37619F2EE177}.Release|Any CPU.Build.0 = Release|Any CPU
		{424610AF-0325-BBC9-F323-BD3F14DACE8F}.Debug|Any CPU.ActiveCfg = Debug|Any CPU
		{424610AF-0325-BBC9-F323-BD3F14DACE8F}.Debug|Any CPU.Build.0 = Debug|Any CPU
		{424610AF-0325-BBC9-F323-BD3F14DACE8F}.Release|Any CPU.ActiveCfg = Release|Any CPU
		{424610AF-0325-BBC9-F323-BD3F14DACE8F}.Release|Any CPU.Build.0 = Release|Any CPU
	EndGlobalSection
	GlobalSection(SolutionProperties) = preSolution
		HideSolutionNode = FALSE
	EndGlobalSection
	GlobalSection(MonoDevelopProperties) = preSolution
		StartupItem = Assembly-CSharp.csproj
	EndGlobalSection
EndGlobal
